
Microsoft Visual Studio Solution File, Format Version 12.00
# Visual Studio 2012
Project("{FAE04EC0-301F-11D3-BF4B-00C04F79EFBC}") = "FluentNh", "FluentNh\FluentNh.csproj", "{2F3EFBD7-902C-4780-94CC-45F930F8F6BE}"
EndProject
Global
	GlobalSection(SolutionConfigurationPlatforms) = preSolution
		Debug|Any CPU = Debug|Any CPU
		Release|Any CPU = Release|Any CPU
	EndGlobalSection
	GlobalSection(ProjectConfigurationPlatforms) = postSolution
		{2F3EFBD7-902C-4780-94CC-45F930F8F6BE}.Debug|Any CPU.ActiveCfg = Debug|Any CPU
		{2F3EFBD7-902C-4780-94CC-45F930F8F6BE}.Debug|Any CPU.Build.0 = Debug|Any CPU
		{2F3EFBD7-902C-4780-94CC-45F930F8F6BE}.Release|Any CPU.ActiveCfg = Release|Any CPU
		{2F3EFBD7-902C-4780-94CC-45F930F8F6BE}.Release|Any CPU.Build.0 = Release|Any CPU
	EndGlobalSection
	GlobalSection(SolutionProperties) = preSolution
		HideSolutionNode = FALSE
	EndGlobalSection
EndGlobal
